{
    "_readme": [
        "This file locks the dependencies of your project to a known state",
        "Read more about it at https://getcomposer.org/doc/01-basic-usage.md#installing-dependencies",
        "This file is @generated automatically"
    ],
    "content-hash": "89f48aa8bcfefc81bbd8f6ca3b827438",
    "packages": [
        {
            "name": "losthost/db",
            "version": "v1.4.2",
            "source": {
                "type": "git",
                "url": "https://github.com/Datahider/DB.git",
                "reference": "1f703884c98f248ad886e47b818294107a713d75"
            },
            "dist": {
                "type": "zip",
                "url": "https://api.github.com/repos/Datahider/DB/zipball/1f703884c98f248ad886e47b818294107a713d75",
                "reference": "1f703884c98f248ad886e47b818294107a713d75",
                "shasum": ""
            },
            "require": {
                "losthost/self-testing-suite": "1.0.4",
                "php": ">=7.4.0"
            },
            "type": "class",
            "autoload": {
                "psr-4": {
                    "losthost\\DB\\": "src"
                }
            },
            "notification-url": "https://packagist.org/downloads/",
            "license": [
                "MIT"
            ],
            "authors": [
                {
                    "name": "Peter Ioannidis",
                    "email": "pio@pio.su",
                    "homepage": "https://i.pio.su",
                    "role": "Ideologist"
                }
            ],
            "description": "Database access with so called DB Objects (descendants of class DBObject)",
            "homepage": "https://github.com/datahider/DB",
            "keywords": [
                "database",
                "db"
            ],
            "support": {
                "issues": "https://github.com/Datahider/DB/issues",
                "source": "https://github.com/Datahider/DB/tree/v1.4.2"
            },
            "time": "2023-09-07T00:26:34+00:00"
        },
        {
            "name": "losthost/self-testing-suite",
            "version": "1.0.4",
            "source": {
                "type": "git",
                "url": "https://github.com/Datahider/lhTestingSuite.git",
                "reference": "664ea58491888d35ebb727630f7db7628d2db95b"
            },
            "dist": {
                "type": "zip",
                "url": "https://api.github.com/repos/Datahider/lhTestingSuite/zipball/664ea58491888d35ebb727630f7db7628d2db95b",
                "reference": "664ea58491888d35ebb727630f7db7628d2db95b",
                "shasum": ""
            },
            "require": {
                "php": ">=8.0.0"
            },
            "type": "library",
            "autoload": {
                "psr-4": {
                    "losthost\\SelfTestingSuite\\": "src"
                }
            },
            "notification-url": "https://packagist.org/downloads/",
            "authors": [
                {
                    "name": "Petros Ioannidis",
                    "email": "pio@pio.su"
                }
            ],
            "description": "A parrent class for self-testing classes",
            "support": {
                "issues": "https://github.com/Datahider/lhTestingSuite/issues",
                "source": "https://github.com/Datahider/lhTestingSuite/tree/1.0.4"
            },
            "time": "2023-09-04T05:48:36+00:00"
        }
    ],
    "packages-dev": [],
    "aliases": [],
    "minimum-stability": "stable",
    "stability-flags": [],
    "prefer-stable": false,
    "prefer-lowest": false,
    "platform": [],
    "platform-dev": [],
    "plugin-api-version": "2.3.0"
}
